
Microsoft Visual Studio Solution File, Format Version 12.00
# Visual Studio Version 17
VisualStudioVersion = 17.5.001.0
MinimumVisualStudioVersion = 10.0.40219.1
Project("{9A19103F-16F7-4668-BE54-9A1E7A4F7556}") = "C#", "ExampleHelloWorld\C#.csproj", "{52BCB818-E986-4873-AE3C-79B871756F70}"
EndProject
Project("{9A19103F-16F7-4668-BE54-9A1E7A4F7556}") = "ExampleUser", "ExampleUser\ExampleUser.csproj", "{18A221CD-4298-47C5-9405-B7A1F494C7D2}"
EndProject
Project("{9A19103F-16F7-4668-BE54-9A1E7A4F7556}") = "Seminar200423", "Seminar200423\Seminar200423.csproj", "{493B0DB1-73AA-45A7-AB17-3135BDB68677}"
EndProject
Project("{9A19103F-16F7-4668-BE54-9A1E7A4F7556}") = "exercises110723", "exercises110723\exercises110723.csproj", "{A0A41E42-1E13-41C1-B49C-1609832E4DA3}"
EndProject
Global
	GlobalSection(SolutionConfigurationPlatforms) = preSolution
		Debug|Any CPU = Debug|Any CPU
		Release|Any CPU = Release|Any CPU
	EndGlobalSection
	GlobalSection(ProjectConfigurationPlatforms) = postSolution
		{52BCB818-E986-4873-AE3C-79B871756F70}.Debug|Any CPU.ActiveCfg = Debug|Any CPU
		{52BCB818-E986-4873-AE3C-79B871756F70}.Debug|Any CPU.Build.0 = Debug|Any CPU
		{52BCB818-E986-4873-AE3C-79B871756F70}.Release|Any CPU.ActiveCfg = Release|Any CPU
		{52BCB818-E986-4873-AE3C-79B871756F70}.Release|Any CPU.Build.0 = Release|Any CPU
		{18A221CD-4298-47C5-9405-B7A1F494C7D2}.Debug|Any CPU.ActiveCfg = Debug|Any CPU
		{18A221CD-4298-47C5-9405-B7A1F494C7D2}.Debug|Any CPU.Build.0 = Debug|Any CPU
		{18A221CD-4298-47C5-9405-B7A1F494C7D2}.Release|Any CPU.ActiveCfg = Release|Any CPU
		{18A221CD-4298-47C5-9405-B7A1F494C7D2}.Release|Any CPU.Build.0 = Release|Any CPU
		{493B0DB1-73AA-45A7-AB17-3135BDB68677}.Debug|Any CPU.ActiveCfg = Debug|Any CPU
		{493B0DB1-73AA-45A7-AB17-3135BDB68677}.Debug|Any CPU.Build.0 = Debug|Any CPU
		{493B0DB1-73AA-45A7-AB17-3135BDB68677}.Release|Any CPU.ActiveCfg = Release|Any CPU
		{493B0DB1-73AA-45A7-AB17-3135BDB68677}.Release|Any CPU.Build.0 = Release|Any CPU
		{A0A41E42-1E13-41C1-B49C-1609832E4DA3}.Debug|Any CPU.ActiveCfg = Debug|Any CPU
		{A0A41E42-1E13-41C1-B49C-1609832E4DA3}.Debug|Any CPU.Build.0 = Debug|Any CPU
		{A0A41E42-1E13-41C1-B49C-1609832E4DA3}.Release|Any CPU.ActiveCfg = Release|Any CPU
		{A0A41E42-1E13-41C1-B49C-1609832E4DA3}.Release|Any CPU.Build.0 = Release|Any CPU
	EndGlobalSection
	GlobalSection(SolutionProperties) = preSolution
		HideSolutionNode = FALSE
	EndGlobalSection
	GlobalSection(ExtensibilityGlobals) = postSolution
		SolutionGuid = {C4EDD4C5-6ABA-473A-A949-5811693C7F6E}
	EndGlobalSection
EndGlobal
